
Microsoft Visual Studio Solution File, Format Version 12.00
# Visual Studio 15
VisualStudioVersion = 15.0.28307.1062
MinimumVisualStudioVersion = 10.0.40219.1
Project("{FAE04EC0-301F-11D3-BF4B-00C04F79EFBC}") = "MassRename", "MassRename\MassRename.csproj", "{1AC1F17B-E44B-4A76-BDBE-F0573503E722}"
EndProject
Global
	GlobalSection(SolutionConfigurationPlatforms) = preSolution
		Debug|Any CPU = Debug|Any CPU
		Release|Any CPU = Release|Any CPU
	EndGlobalSection
	GlobalSection(ProjectConfigurationPlatforms) = postSolution
		{1AC1F17B-E44B-4A76-BDBE-F0573503E722}.Debug|Any CPU.ActiveCfg = Debug|Any CPU
		{1AC1F17B-E44B-4A76-BDBE-F0573503E722}.Debug|Any CPU.Build.0 = Debug|Any CPU
		{1AC1F17B-E44B-4A76-BDBE-F0573503E722}.Release|Any CPU.ActiveCfg = Release|Any CPU
		{1AC1F17B-E44B-4A76-BDBE-F0573503E722}.Release|Any CPU.Build.0 = Release|Any CPU
	EndGlobalSection
	GlobalSection(SolutionProperties) = preSolution
		HideSolutionNode = FALSE
	EndGlobalSection
	GlobalSection(ExtensibilityGlobals) = postSolution
		SolutionGuid = {CD2EDAED-DFFF-4A51-BBC2-281BDFCEA198}
	EndGlobalSection
EndGlobal
