
Microsoft Visual Studio Solution File, Format Version 12.00
# Visual Studio 15
VisualStudioVersion = 15.0.28307.329
MinimumVisualStudioVersion = 10.0.40219.1
Project("{9A19103F-16F7-4668-BE54-9A1E7A4F7556}") = "Diamond", "Diamond\Diamond.csproj", "{3756F9B8-893E-4731-8007-444992CBA10C}"
EndProject
Global
	GlobalSection(SolutionConfigurationPlatforms) = preSolution
		Debug|Any CPU = Debug|Any CPU
		Release|Any CPU = Release|Any CPU
	EndGlobalSection
	GlobalSection(ProjectConfigurationPlatforms) = postSolution
		{3756F9B8-893E-4731-8007-444992CBA10C}.Debug|Any CPU.ActiveCfg = Debug|Any CPU
		{3756F9B8-893E-4731-8007-444992CBA10C}.Debug|Any CPU.Build.0 = Debug|Any CPU
		{3756F9B8-893E-4731-8007-444992CBA10C}.Release|Any CPU.ActiveCfg = Release|Any CPU
		{3756F9B8-893E-4731-8007-444992CBA10C}.Release|Any CPU.Build.0 = Release|Any CPU
	EndGlobalSection
	GlobalSection(SolutionProperties) = preSolution
		HideSolutionNode = FALSE
	EndGlobalSection
	GlobalSection(ExtensibilityGlobals) = postSolution
		SolutionGuid = {74B33CB1-A4EA-4EB6-BABB-7AE61B8C84BA}
	EndGlobalSection
EndGlobal
