
Microsoft Visual Studio Solution File, Format Version 12.00
# Visual Studio Version 17
VisualStudioVersion = 17.4.33122.133
MinimumVisualStudioVersion = 10.0.40219.1
Project("{9A19103F-16F7-4668-BE54-9A1E7A4F7556}") = "DiamondGUI", "DiamondWpfCore\DiamondGUI.csproj", "{976DE436-2239-4F4D-9F7B-AD28D71C2341}"
EndProject
Project("{9A19103F-16F7-4668-BE54-9A1E7A4F7556}") = "DiamondAPI", "DiamondBrainz\DiamondAPI.csproj", "{A0CFF49E-5214-4078-80BC-12B2C0C72947}"
EndProject
Project("{9A19103F-16F7-4668-BE54-9A1E7A4F7556}") = "ScriptsLibV2", "..\ScriptsLib\ScriptsLibV2\ScriptsLibV2.csproj", "{B9D38E54-747E-4D2C-A2B2-85158E9CC07B}"
EndProject
Project("{FAE04EC0-301F-11D3-BF4B-00C04F79EFBC}") = "Testing", "Testing\Testing.csproj", "{77385811-3294-4561-AB65-0E8BC892B9D0}"
EndProject
Global
	GlobalSection(SolutionConfigurationPlatforms) = preSolution
		Debug|Any CPU = Debug|Any CPU
		Release|Any CPU = Release|Any CPU
	EndGlobalSection
	GlobalSection(ProjectConfigurationPlatforms) = postSolution
		{976DE436-2239-4F4D-9F7B-AD28D71C2341}.Debug|Any CPU.ActiveCfg = Debug|Any CPU
		{976DE436-2239-4F4D-9F7B-AD28D71C2341}.Debug|Any CPU.Build.0 = Debug|Any CPU
		{976DE436-2239-4F4D-9F7B-AD28D71C2341}.Release|Any CPU.ActiveCfg = Release|Any CPU
		{976DE436-2239-4F4D-9F7B-AD28D71C2341}.Release|Any CPU.Build.0 = Release|Any CPU
		{A0CFF49E-5214-4078-80BC-12B2C0C72947}.Debug|Any CPU.ActiveCfg = Debug|Any CPU
		{A0CFF49E-5214-4078-80BC-12B2C0C72947}.Debug|Any CPU.Build.0 = Debug|Any CPU
		{A0CFF49E-5214-4078-80BC-12B2C0C72947}.Release|Any CPU.ActiveCfg = Release|Any CPU
		{A0CFF49E-5214-4078-80BC-12B2C0C72947}.Release|Any CPU.Build.0 = Release|Any CPU
		{B9D38E54-747E-4D2C-A2B2-85158E9CC07B}.Debug|Any CPU.ActiveCfg = Debug|Any CPU
		{B9D38E54-747E-4D2C-A2B2-85158E9CC07B}.Debug|Any CPU.Build.0 = Debug|Any CPU
		{B9D38E54-747E-4D2C-A2B2-85158E9CC07B}.Release|Any CPU.ActiveCfg = Release|Any CPU
		{B9D38E54-747E-4D2C-A2B2-85158E9CC07B}.Release|Any CPU.Build.0 = Release|Any CPU
		{77385811-3294-4561-AB65-0E8BC892B9D0}.Debug|Any CPU.ActiveCfg = Debug|Any CPU
		{77385811-3294-4561-AB65-0E8BC892B9D0}.Debug|Any CPU.Build.0 = Debug|Any CPU
		{77385811-3294-4561-AB65-0E8BC892B9D0}.Release|Any CPU.ActiveCfg = Release|Any CPU
		{77385811-3294-4561-AB65-0E8BC892B9D0}.Release|Any CPU.Build.0 = Release|Any CPU
	EndGlobalSection
	GlobalSection(SolutionProperties) = preSolution
		HideSolutionNode = FALSE
	EndGlobalSection
	GlobalSection(ExtensibilityGlobals) = postSolution
		SolutionGuid = {B32A6B3C-6016-4ADE-BBB5-A7F1F2750B4C}
	EndGlobalSection
EndGlobal
